
Microsoft Visual Studio Solution File, Format Version 12.00
# Visual Studio Version 16
VisualStudioVersion = 16.0.29519.87
MinimumVisualStudioVersion = 10.0.40219.1
Project("{9A19103F-16F7-4668-BE54-9A1E7A4F7556}") = "ConsoleCore", "ConsoleCore\ConsoleCore.csproj", "{5FB216C0-D196-405C-8511-94DBF479374E}"
EndProject
Project("{FAE04EC0-301F-11D3-BF4B-00C04F79EFBC}") = "WindowsFormsApp", "WindowsFormsApp\WindowsFormsApp.csproj", "{54603357-E7C6-45B6-BCF8-60B17628AF90}"
EndProject
Project("{9A19103F-16F7-4668-BE54-9A1E7A4F7556}") = "ClassLibrary", "ClassLibrary\ClassLibrary.csproj", "{EC014665-4513-4428-A936-C647AA22D9A0}"
EndProject
Global
	GlobalSection(SolutionConfigurationPlatforms) = preSolution
		Debug|Any CPU = Debug|Any CPU
		Debug|iPhone = Debug|iPhone
		Debug|iPhoneSimulator = Debug|iPhoneSimulator
		Release|Any CPU = Release|Any CPU
		Release|iPhone = Release|iPhone
		Release|iPhoneSimulator = Release|iPhoneSimulator
	EndGlobalSection
	GlobalSection(ProjectConfigurationPlatforms) = postSolution
		{5FB216C0-D196-405C-8511-94DBF479374E}.Debug|Any CPU.ActiveCfg = Debug|Any CPU
		{5FB216C0-D196-405C-8511-94DBF479374E}.Debug|Any CPU.Build.0 = Debug|Any CPU
		{5FB216C0-D196-405C-8511-94DBF479374E}.Debug|iPhone.ActiveCfg = Debug|Any CPU
		{5FB216C0-D196-405C-8511-94DBF479374E}.Debug|iPhone.Build.0 = Debug|Any CPU
		{5FB216C0-D196-405C-8511-94DBF479374E}.Debug|iPhoneSimulator.ActiveCfg = Debug|Any CPU
		{5FB216C0-D196-405C-8511-94DBF479374E}.Debug|iPhoneSimulator.Build.0 = Debug|Any CPU
		{5FB216C0-D196-405C-8511-94DBF479374E}.Release|Any CPU.ActiveCfg = Release|Any CPU
		{5FB216C0-D196-405C-8511-94DBF479374E}.Release|Any CPU.Build.0 = Release|Any CPU
		{5FB216C0-D196-405C-8511-94DBF479374E}.Release|iPhone.ActiveCfg = Release|Any CPU
		{5FB216C0-D196-405C-8511-94DBF479374E}.Release|iPhone.Build.0 = Release|Any CPU
		{5FB216C0-D196-405C-8511-94DBF479374E}.Release|iPhoneSimulator.ActiveCfg = Release|Any CPU
		{5FB216C0-D196-405C-8511-94DBF479374E}.Release|iPhoneSimulator.Build.0 = Release|Any CPU
		{54603357-E7C6-45B6-BCF8-60B17628AF90}.Debug|Any CPU.ActiveCfg = Debug|Any CPU
		{54603357-E7C6-45B6-BCF8-60B17628AF90}.Debug|Any CPU.Build.0 = Debug|Any CPU
		{54603357-E7C6-45B6-BCF8-60B17628AF90}.Debug|iPhone.ActiveCfg = Debug|Any CPU
		{54603357-E7C6-45B6-BCF8-60B17628AF90}.Debug|iPhone.Build.0 = Debug|Any CPU
		{54603357-E7C6-45B6-BCF8-60B17628AF90}.Debug|iPhoneSimulator.ActiveCfg = Debug|Any CPU
		{54603357-E7C6-45B6-BCF8-60B17628AF90}.Debug|iPhoneSimulator.Build.0 = Debug|Any CPU
		{54603357-E7C6-45B6-BCF8-60B17628AF90}.Release|Any CPU.ActiveCfg = Release|Any CPU
		{54603357-E7C6-45B6-BCF8-60B17628AF90}.Release|Any CPU.Build.0 = Release|Any CPU
		{54603357-E7C6-45B6-BCF8-60B17628AF90}.Release|iPhone.ActiveCfg = Release|Any CPU
		{54603357-E7C6-45B6-BCF8-60B17628AF90}.Release|iPhone.Build.0 = Release|Any CPU
		{54603357-E7C6-45B6-BCF8-60B17628AF90}.Release|iPhoneSimulator.ActiveCfg = Release|Any CPU
		{54603357-E7C6-45B6-BCF8-60B17628AF90}.Release|iPhoneSimulator.Build.0 = Release|Any CPU
		{EC014665-4513-4428-A936-C647AA22D9A0}.Debug|Any CPU.ActiveCfg = Debug|Any CPU
		{EC014665-4513-4428-A936-C647AA22D9A0}.Debug|Any CPU.Build.0 = Debug|Any CPU
		{EC014665-4513-4428-A936-C647AA22D9A0}.Debug|iPhone.ActiveCfg = Debug|Any CPU
		{EC014665-4513-4428-A936-C647AA22D9A0}.Debug|iPhone.Build.0 = Debug|Any CPU
		{EC014665-4513-4428-A936-C647AA22D9A0}.Debug|iPhoneSimulator.ActiveCfg = Debug|Any CPU
		{EC014665-4513-4428-A936-C647AA22D9A0}.Debug|iPhoneSimulator.Build.0 = Debug|Any CPU
		{EC014665-4513-4428-A936-C647AA22D9A0}.Release|Any CPU.ActiveCfg = Release|Any CPU
		{EC014665-4513-4428-A936-C647AA22D9A0}.Release|Any CPU.Build.0 = Release|Any CPU
		{EC014665-4513-4428-A936-C647AA22D9A0}.Release|iPhone.ActiveCfg = Release|Any CPU
		{EC014665-4513-4428-A936-C647AA22D9A0}.Release|iPhone.Build.0 = Release|Any CPU
		{EC014665-4513-4428-A936-C647AA22D9A0}.Release|iPhoneSimulator.ActiveCfg = Release|Any CPU
		{EC014665-4513-4428-A936-C647AA22D9A0}.Release|iPhoneSimulator.Build.0 = Release|Any CPU
	EndGlobalSection
	GlobalSection(SolutionProperties) = preSolution
		HideSolutionNode = FALSE
	EndGlobalSection
	GlobalSection(ExtensibilityGlobals) = postSolution
		SolutionGuid = {394BB675-B8E1-4BEF-9099-1673756A0072}
	EndGlobalSection
EndGlobal
