
Microsoft Visual Studio Solution File, Format Version 12.00
# Visual Studio Version 16
VisualStudioVersion = 16.0.29519.87
MinimumVisualStudioVersion = 10.0.40219.1
Project("{FAE04EC0-301F-11D3-BF4B-00C04F79EFBC}") = "AnalyzerCustom", "AnalyzerCustom\AnalyzerCustom\AnalyzerCustom.csproj", "{74643697-E9EE-4D76-8222-F0BFB5057EC8}"
EndProject
Project("{FAE04EC0-301F-11D3-BF4B-00C04F79EFBC}") = "AnalyzerCustom.Test", "AnalyzerCustom\AnalyzerCustom.Test\AnalyzerCustom.Test.csproj", "{59BFAD43-8931-4C3E-9AF0-81C60D58A941}"
EndProject
Project("{FAE04EC0-301F-11D3-BF4B-00C04F79EFBC}") = "AnalyzerCustom.Vsix", "AnalyzerCustom\AnalyzerCustom.Vsix\AnalyzerCustom.Vsix.csproj", "{A5A89F9E-8BEC-49C9-9196-3F54C2C8301D}"
EndProject
Global
	GlobalSection(SolutionConfigurationPlatforms) = preSolution
		Debug|Any CPU = Debug|Any CPU
		Release|Any CPU = Release|Any CPU
	EndGlobalSection
	GlobalSection(ProjectConfigurationPlatforms) = postSolution
		{74643697-E9EE-4D76-8222-F0BFB5057EC8}.Debug|Any CPU.ActiveCfg = Debug|Any CPU
		{74643697-E9EE-4D76-8222-F0BFB5057EC8}.Debug|Any CPU.Build.0 = Debug|Any CPU
		{74643697-E9EE-4D76-8222-F0BFB5057EC8}.Release|Any CPU.ActiveCfg = Release|Any CPU
		{74643697-E9EE-4D76-8222-F0BFB5057EC8}.Release|Any CPU.Build.0 = Release|Any CPU
		{59BFAD43-8931-4C3E-9AF0-81C60D58A941}.Debug|Any CPU.ActiveCfg = Debug|Any CPU
		{59BFAD43-8931-4C3E-9AF0-81C60D58A941}.Debug|Any CPU.Build.0 = Debug|Any CPU
		{59BFAD43-8931-4C3E-9AF0-81C60D58A941}.Release|Any CPU.ActiveCfg = Release|Any CPU
		{59BFAD43-8931-4C3E-9AF0-81C60D58A941}.Release|Any CPU.Build.0 = Release|Any CPU
		{A5A89F9E-8BEC-49C9-9196-3F54C2C8301D}.Debug|Any CPU.ActiveCfg = Debug|Any CPU
		{A5A89F9E-8BEC-49C9-9196-3F54C2C8301D}.Debug|Any CPU.Build.0 = Debug|Any CPU
		{A5A89F9E-8BEC-49C9-9196-3F54C2C8301D}.Release|Any CPU.ActiveCfg = Release|Any CPU
		{A5A89F9E-8BEC-49C9-9196-3F54C2C8301D}.Release|Any CPU.Build.0 = Release|Any CPU
	EndGlobalSection
	GlobalSection(SolutionProperties) = preSolution
		HideSolutionNode = FALSE
	EndGlobalSection
	GlobalSection(ExtensibilityGlobals) = postSolution
		SolutionGuid = {4980DF88-81C2-4218-AC43-55F9083676D8}
	EndGlobalSection
EndGlobal
