
Microsoft Visual Studio Solution File, Format Version 12.00
# Visual Studio Version 16
VisualStudioVersion = 16.0.29519.87
MinimumVisualStudioVersion = 10.0.40219.1
Project("{FAE04EC0-301F-11D3-BF4B-00C04F79EFBC}") = "ConsoleAppForTest", "ConsoleAppForTest\ConsoleAppForTest.csproj", "{6479808F-13F0-4349-9F8D-CC3E0E2B9DCF}"
EndProject
Global
	GlobalSection(SolutionConfigurationPlatforms) = preSolution
		Debug|Any CPU = Debug|Any CPU
		Release|Any CPU = Release|Any CPU
	EndGlobalSection
	GlobalSection(ProjectConfigurationPlatforms) = postSolution
		{6479808F-13F0-4349-9F8D-CC3E0E2B9DCF}.Debug|Any CPU.ActiveCfg = Debug|Any CPU
		{6479808F-13F0-4349-9F8D-CC3E0E2B9DCF}.Debug|Any CPU.Build.0 = Debug|Any CPU
		{6479808F-13F0-4349-9F8D-CC3E0E2B9DCF}.Release|Any CPU.ActiveCfg = Release|Any CPU
		{6479808F-13F0-4349-9F8D-CC3E0E2B9DCF}.Release|Any CPU.Build.0 = Release|Any CPU
	EndGlobalSection
	GlobalSection(SolutionProperties) = preSolution
		HideSolutionNode = FALSE
	EndGlobalSection
	GlobalSection(ExtensibilityGlobals) = postSolution
		SolutionGuid = {CF425EB2-9447-4404-A9D2-5B97BC1E38E6}
	EndGlobalSection
EndGlobal
