
Microsoft Visual Studio Solution File, Format Version 12.00
# Visual Studio Version 16
VisualStudioVersion = 16.0.29519.87
MinimumVisualStudioVersion = 10.0.40219.1
Project("{00D1A9C2-B5F0-4AF3-8072-F6C62B433612}") = "Task3-v1.0", "Task3\Task3-v1.0.sqlproj", "{17E34F02-17CC-4533-BABC-5C92610A97B7}"
EndProject
Project("{00D1A9C2-B5F0-4AF3-8072-F6C62B433612}") = "Task3-v1.1", "Task3-v1.1\Task3-v1.1.sqlproj", "{AE491836-EB6D-4C5C-B6A5-961C41FBA095}"
EndProject
Project("{00D1A9C2-B5F0-4AF3-8072-F6C62B433612}") = "Task3-v1.3", "Task3-v1.3\Task3-v1.3.sqlproj", "{1596EDAB-9AB6-49A1-98E9-F7A42B4DF23E}"
EndProject
Global
	GlobalSection(SolutionConfigurationPlatforms) = preSolution
		Debug|Any CPU = Debug|Any CPU
		Release|Any CPU = Release|Any CPU
	EndGlobalSection
	GlobalSection(ProjectConfigurationPlatforms) = postSolution
		{17E34F02-17CC-4533-BABC-5C92610A97B7}.Debug|Any CPU.ActiveCfg = Debug|Any CPU
		{17E34F02-17CC-4533-BABC-5C92610A97B7}.Debug|Any CPU.Build.0 = Debug|Any CPU
		{17E34F02-17CC-4533-BABC-5C92610A97B7}.Debug|Any CPU.Deploy.0 = Debug|Any CPU
		{17E34F02-17CC-4533-BABC-5C92610A97B7}.Release|Any CPU.ActiveCfg = Release|Any CPU
		{17E34F02-17CC-4533-BABC-5C92610A97B7}.Release|Any CPU.Build.0 = Release|Any CPU
		{17E34F02-17CC-4533-BABC-5C92610A97B7}.Release|Any CPU.Deploy.0 = Release|Any CPU
		{AE491836-EB6D-4C5C-B6A5-961C41FBA095}.Debug|Any CPU.ActiveCfg = Debug|Any CPU
		{AE491836-EB6D-4C5C-B6A5-961C41FBA095}.Debug|Any CPU.Build.0 = Debug|Any CPU
		{AE491836-EB6D-4C5C-B6A5-961C41FBA095}.Debug|Any CPU.Deploy.0 = Debug|Any CPU
		{AE491836-EB6D-4C5C-B6A5-961C41FBA095}.Release|Any CPU.ActiveCfg = Release|Any CPU
		{AE491836-EB6D-4C5C-B6A5-961C41FBA095}.Release|Any CPU.Build.0 = Release|Any CPU
		{AE491836-EB6D-4C5C-B6A5-961C41FBA095}.Release|Any CPU.Deploy.0 = Release|Any CPU
		{1596EDAB-9AB6-49A1-98E9-F7A42B4DF23E}.Debug|Any CPU.ActiveCfg = Debug|Any CPU
		{1596EDAB-9AB6-49A1-98E9-F7A42B4DF23E}.Debug|Any CPU.Build.0 = Debug|Any CPU
		{1596EDAB-9AB6-49A1-98E9-F7A42B4DF23E}.Debug|Any CPU.Deploy.0 = Debug|Any CPU
		{1596EDAB-9AB6-49A1-98E9-F7A42B4DF23E}.Release|Any CPU.ActiveCfg = Release|Any CPU
		{1596EDAB-9AB6-49A1-98E9-F7A42B4DF23E}.Release|Any CPU.Build.0 = Release|Any CPU
		{1596EDAB-9AB6-49A1-98E9-F7A42B4DF23E}.Release|Any CPU.Deploy.0 = Release|Any CPU
	EndGlobalSection
	GlobalSection(SolutionProperties) = preSolution
		HideSolutionNode = FALSE
	EndGlobalSection
	GlobalSection(ExtensibilityGlobals) = postSolution
		SolutionGuid = {E1657E5D-A268-4519-9BB5-E596219580BF}
	EndGlobalSection
EndGlobal
