
Microsoft Visual Studio Solution File, Format Version 12.00
# Visual Studio Version 16
VisualStudioVersion = 16.0.29519.87
MinimumVisualStudioVersion = 10.0.40219.1
Project("{9A19103F-16F7-4668-BE54-9A1E7A4F7556}") = "ClassLibrary", "ClassLibrary\ClassLibrary.csproj", "{DCE048E9-2536-4B98-8ACE-2445ADC5504B}"
EndProject
Project("{9A19103F-16F7-4668-BE54-9A1E7A4F7556}") = "ConsoleAppStyleCop", "ConsoleAppStyleCop\ConsoleAppStyleCop.csproj", "{7295DF95-82B9-4361-A51E-432E66C9A484}"
EndProject
Project("{9A19103F-16F7-4668-BE54-9A1E7A4F7556}") = "LibraryNuget", "LibraryNuget\LibraryNuget.csproj", "{032C7995-8837-447E-85F1-CA697614179F}"
EndProject
Project("{FAE04EC0-301F-11D3-BF4B-00C04F79EFBC}") = "ConsoleAppFr", "ConsoleAppFr\ConsoleAppFr.csproj", "{85210E2E-AE6C-4A6C-B0DC-BB2B8F90F207}"
EndProject
Project("{FAE04EC0-301F-11D3-BF4B-00C04F79EFBC}") = "AnalyzerWithCodeFix", "AnalyzerWithCodeFix\AnalyzerWithCodeFix\AnalyzerWithCodeFix.csproj", "{8BCC87BD-B935-4342-B08E-803EE8828900}"
EndProject
Project("{FAE04EC0-301F-11D3-BF4B-00C04F79EFBC}") = "AnalyzerWithCodeFix.Test", "AnalyzerWithCodeFix\AnalyzerWithCodeFix.Test\AnalyzerWithCodeFix.Test.csproj", "{4B245992-64D8-43C0-A3C5-5EF2E7A301CC}"
EndProject
Global
	GlobalSection(SolutionConfigurationPlatforms) = preSolution
		Debug|Any CPU = Debug|Any CPU
		Release|Any CPU = Release|Any CPU
	EndGlobalSection
	GlobalSection(ProjectConfigurationPlatforms) = postSolution
		{DCE048E9-2536-4B98-8ACE-2445ADC5504B}.Debug|Any CPU.ActiveCfg = Debug|Any CPU
		{DCE048E9-2536-4B98-8ACE-2445ADC5504B}.Debug|Any CPU.Build.0 = Debug|Any CPU
		{DCE048E9-2536-4B98-8ACE-2445ADC5504B}.Release|Any CPU.ActiveCfg = Release|Any CPU
		{DCE048E9-2536-4B98-8ACE-2445ADC5504B}.Release|Any CPU.Build.0 = Release|Any CPU
		{7295DF95-82B9-4361-A51E-432E66C9A484}.Debug|Any CPU.ActiveCfg = Debug|Any CPU
		{7295DF95-82B9-4361-A51E-432E66C9A484}.Debug|Any CPU.Build.0 = Debug|Any CPU
		{7295DF95-82B9-4361-A51E-432E66C9A484}.Release|Any CPU.ActiveCfg = Release|Any CPU
		{7295DF95-82B9-4361-A51E-432E66C9A484}.Release|Any CPU.Build.0 = Release|Any CPU
		{032C7995-8837-447E-85F1-CA697614179F}.Debug|Any CPU.ActiveCfg = Debug|Any CPU
		{032C7995-8837-447E-85F1-CA697614179F}.Debug|Any CPU.Build.0 = Debug|Any CPU
		{032C7995-8837-447E-85F1-CA697614179F}.Release|Any CPU.ActiveCfg = Release|Any CPU
		{032C7995-8837-447E-85F1-CA697614179F}.Release|Any CPU.Build.0 = Release|Any CPU
		{85210E2E-AE6C-4A6C-B0DC-BB2B8F90F207}.Debug|Any CPU.ActiveCfg = Debug|Any CPU
		{85210E2E-AE6C-4A6C-B0DC-BB2B8F90F207}.Debug|Any CPU.Build.0 = Debug|Any CPU
		{85210E2E-AE6C-4A6C-B0DC-BB2B8F90F207}.Release|Any CPU.ActiveCfg = Release|Any CPU
		{85210E2E-AE6C-4A6C-B0DC-BB2B8F90F207}.Release|Any CPU.Build.0 = Release|Any CPU
		{8BCC87BD-B935-4342-B08E-803EE8828900}.Debug|Any CPU.ActiveCfg = Debug|Any CPU
		{8BCC87BD-B935-4342-B08E-803EE8828900}.Debug|Any CPU.Build.0 = Debug|Any CPU
		{8BCC87BD-B935-4342-B08E-803EE8828900}.Release|Any CPU.ActiveCfg = Release|Any CPU
		{8BCC87BD-B935-4342-B08E-803EE8828900}.Release|Any CPU.Build.0 = Release|Any CPU
		{4B245992-64D8-43C0-A3C5-5EF2E7A301CC}.Debug|Any CPU.ActiveCfg = Debug|Any CPU
		{4B245992-64D8-43C0-A3C5-5EF2E7A301CC}.Debug|Any CPU.Build.0 = Debug|Any CPU
		{4B245992-64D8-43C0-A3C5-5EF2E7A301CC}.Release|Any CPU.ActiveCfg = Release|Any CPU
		{4B245992-64D8-43C0-A3C5-5EF2E7A301CC}.Release|Any CPU.Build.0 = Release|Any CPU
	EndGlobalSection
	GlobalSection(SolutionProperties) = preSolution
		HideSolutionNode = FALSE
	EndGlobalSection
	GlobalSection(ExtensibilityGlobals) = postSolution
		SolutionGuid = {8B9A4454-E17A-4BED-93C1-AEFCFDA6D290}
	EndGlobalSection
EndGlobal
