
Microsoft Visual Studio Solution File, Format Version 12.00
# Visual Studio Version 16
VisualStudioVersion = 16.0.29519.87
MinimumVisualStudioVersion = 10.0.40219.1
Project("{FAE04EC0-301F-11D3-BF4B-00C04F79EFBC}") = "ConsoleClient", "ConsoleClient\ConsoleClient.csproj", "{3AF65C11-0937-46F1-8F66-68D8EC80080C}"
EndProject
Project("{FAE04EC0-301F-11D3-BF4B-00C04F79EFBC}") = "WebCrawler", "WebCrawler\WebCrawler.csproj", "{09F64422-E491-4055-BE01-EB5874C0E427}"
EndProject
Global
	GlobalSection(SolutionConfigurationPlatforms) = preSolution
		Debug|Any CPU = Debug|Any CPU
		Release|Any CPU = Release|Any CPU
	EndGlobalSection
	GlobalSection(ProjectConfigurationPlatforms) = postSolution
		{3AF65C11-0937-46F1-8F66-68D8EC80080C}.Debug|Any CPU.ActiveCfg = Debug|Any CPU
		{3AF65C11-0937-46F1-8F66-68D8EC80080C}.Debug|Any CPU.Build.0 = Debug|Any CPU
		{3AF65C11-0937-46F1-8F66-68D8EC80080C}.Release|Any CPU.ActiveCfg = Release|Any CPU
		{3AF65C11-0937-46F1-8F66-68D8EC80080C}.Release|Any CPU.Build.0 = Release|Any CPU
		{09F64422-E491-4055-BE01-EB5874C0E427}.Debug|Any CPU.ActiveCfg = Debug|Any CPU
		{09F64422-E491-4055-BE01-EB5874C0E427}.Debug|Any CPU.Build.0 = Debug|Any CPU
		{09F64422-E491-4055-BE01-EB5874C0E427}.Release|Any CPU.ActiveCfg = Release|Any CPU
		{09F64422-E491-4055-BE01-EB5874C0E427}.Release|Any CPU.Build.0 = Release|Any CPU
	EndGlobalSection
	GlobalSection(SolutionProperties) = preSolution
		HideSolutionNode = FALSE
	EndGlobalSection
	GlobalSection(ExtensibilityGlobals) = postSolution
		SolutionGuid = {E8D89ACB-EB5D-467E-B5A6-FC8EA216103D}
	EndGlobalSection
EndGlobal
